{
  "name": "Bill",
  "lockfileVersion": 3,
  "requires": true,
  "packages": {
    "": {
      "dependencies": {
        "@createnextapp/async-local-storage": "^1.0.1"
      }
    },
    "node_modules/@createnextapp/async-local-storage": {
      "version": "1.0.1",
      "resolved": "https://registry.npmjs.org/@createnextapp/async-local-storage/-/async-local-storage-1.0.1.tgz",
      "integrity": "sha512-9C6WMjpp2qP9HE/R+rZcMt3ilqeXP6QdMhYzw5gy865xb8ZqYVnJbsLY3hK03qxwSIV8i7Vk4jTzCBdeGkRbuw==",
      "license": "MIT"
    }
  }
}
