lockfileVersion: '9.0'

settings:
  autoInstallPeers: true
  excludeLinksFromLockfile: false

importers:

  .:
    dependencies:
      '@createnextapp/async-local-storage':
        specifier: ^1.0.1
        version: 1.0.1
      react-loading-skeleton:
        specifier: ^3.5.0
        version: 3.5.0(react@19.1.0)

packages:

  '@createnextapp/async-local-storage@1.0.1':
    resolution: {integrity: sha512-9C6WMjpp2qP9HE/R+rZcMt3ilqeXP6QdMhYzw5gy865xb8ZqYVnJbsLY3hK03qxwSIV8i7Vk4jTzCBdeGkRbuw==}

  react-loading-skeleton@3.5.0:
    resolution: {integrity: sha512-gxxSyLbrEAdXTKgfbpBEFZCO/P153DnqSCQau2+o6lNy1jgMRr2MmRmOzMmyrwSaSYLRB8g7b0waYPmUjz7IhQ==}
    peerDependencies:
      react: '>=16.8.0'

  react@19.1.0:
    resolution: {integrity: sha512-FS+XFBNvn3GTAWq26joslQgWNoFu08F4kl0J4CgdNKADkdSGXQyTCnKteIAJy96Br6YbpEU1LSzV5dYtjMkMDg==}
    engines: {node: '>=0.10.0'}

snapshots:

  '@createnextapp/async-local-storage@1.0.1': {}

  react-loading-skeleton@3.5.0(react@19.1.0):
    dependencies:
      react: 19.1.0

  react@19.1.0: {}
